# This file is autogenerated, do not edit; changes may be undone by the next 'dep ensure'.


[[projects]]
  name = "github.com/go-sql-driver/mysql"
  packages = ["."]
  revision = "17ef3dd9d98b69acec3e85878995ada9533a9370"
  version = "v1.5.0"

[[projects]]
  name = "github.com/golang-migrate/migrate"
  packages = [".","database","source"]
  revision = "4937cd088f7c7193ee59b319c1c2caa7482aae8e"
  version = "v3.5.4"

[[projects]]
  name = "github.com/mailru/easyjson"
  packages = [".","buffer","jlexer","jwriter"]
  revision = "8edcc4e51f39ddbd3505a3386aff3f435a7fd028"
  version = "v0.7.1"

[solve-meta]
  analyzer-name = "dep"
  analyzer-version = 1
  inputs-digest = "82006d575ec00225fe3edb157ea8fca7058fa1cf1aaab7fa85a4926767bb4d12"
  solver-name = "gps-cdcl"
  solver-version = 1
